// !$*UTF8*$!
{
	archiveVersion = 1;
	classes = {
	};
	objectVersion = 50;
	objects = {

/* Begin PBXBuildFile section */
		BF27681724BB1AC200CC2CCF /* AppDelegate.swift in Sources */ = {isa = PBXBuildFile; fileRef = BF27681624BB1AC200CC2CCF /* AppDelegate.swift */; };
		BF27681924BB1AC200CC2CCF /* SceneDelegate.swift in Sources */ = {isa = PBXBuildFile; fileRef = BF27681824BB1AC200CC2CCF /* SceneDelegate.swift */; };
		BF27681B24BB1AC200CC2CCF /* ContentView.swift in Sources */ = {isa = PBXBuildFile; fileRef = BF27681A24BB1AC200CC2CCF /* ContentView.swift */; };
		BF27681D24BB1AC600CC2CCF /* Assets.xcassets in Resources */ = {isa = PBXBuildFile; fileRef = BF27681C24BB1AC600CC2CCF /* Assets.xcassets */; };
		BF27682024BB1AC600CC2CCF /* Preview Assets.xcassets in Resources */ = {isa = PBXBuildFile; fileRef = BF27681F24BB1AC600CC2CCF /* Preview Assets.xcassets */; };
		BF27682324BB1AC600CC2CCF /* LaunchScreen.storyboard in Resources */ = {isa = PBXBuildFile; fileRef = BF27682124BB1AC600CC2CCF /* LaunchScreen.storyboard */; };
		BF27682E24BB1AC600CC2CCF /* HowAwayAreYouTests.swift in Sources */ = {isa = PBXBuildFile; fileRef = BF27682D24BB1AC600CC2CCF /* HowAwayAreYouTests.swift */; };
		BF27683924BB1AC600CC2CCF /* HowAwayAreYouUITests.swift in Sources */ = {isa = PBXBuildFile; fileRef = BF27683824BB1AC600CC2CCF /* HowAwayAreYouUITests.swift */; };
/* End PBXBuildFile section */

/* Begin PBXContainerItemProxy section */
		BF27682A24BB1AC600CC2CCF /* PBXContainerItemProxy */ = {
			isa = PBXContainerItemProxy;
			containerPortal = BF27680B24BB1AC200CC2CCF /* Project object */;
			proxyType = 1;
			remoteGlobalIDString = BF27681224BB1AC200CC2CCF;
			remoteInfo = HowAwayAreYou;
		};
		BF27683524BB1AC600CC2CCF /* PBXContainerItemProxy */ = {
			isa = PBXContainerItemProxy;
			containerPortal = BF27680B24BB1AC200CC2CCF /* Project object */;
			proxyType = 1;
			remoteGlobalIDString = BF27681224BB1AC200CC2CCF;
			remoteInfo = HowAwayAreYou;
		};
/* End PBXContainerItemProxy section */

/* Begin PBXFileReference section */
		BF27681324BB1AC200CC2CCF /* HowAwayAreYou.app */ = {isa = PBXFileReference; explicitFileType = wrapper.application; includeInIndex = 0; path = HowAwayAreYou.app; sourceTree = BUILT_PRODUCTS_DIR; };
		BF27681624BB1AC200CC2CCF /* AppDelegate.swift */ = {isa = PBXFileReference; lastKnownFileType = sourcecode.swift; path = AppDelegate.swift; sourceTree = "<group>"; };
		BF27681824BB1AC200CC2CCF /* SceneDelegate.swift */ = {isa = PBXFileReference; lastKnownFileType = sourcecode.swift; path = SceneDelegate.swift; sourceTree = "<group>"; };
		BF27681A24BB1AC200CC2CCF /* ContentView.swift */ = {isa = PBXFileReference; lastKnownFileType = sourcecode.swift; path = ContentView.swift; sourceTree = "<group>"; };
		BF27681C24BB1AC600CC2CCF /* Assets.xcassets */ = {isa = PBXFileReference; lastKnownFileType = folder.assetcatalog; path = Assets.xcassets; sourceTree = "<group>"; };
		BF27681F24BB1AC600CC2CCF /* Preview Assets.xcassets */ = {isa = PBXFileReference; lastKnownFileType = folder.assetcatalog; path = "Preview Assets.xcassets"; sourceTree = "<group>"; };
		BF27682224BB1AC600CC2CCF /* Base */ = {isa = PBXFileReference; lastKnownFileType = file.storyboard; name = Base; path = Base.lproj/LaunchScreen.storyboard; sourceTree = "<group>"; };
		BF27682424BB1AC600CC2CCF /* Info.plist */ = {isa = PBXFileReference; lastKnownFileType = text.plist.xml; path = Info.plist; sourceTree = "<group>"; };
		BF27682924BB1AC600CC2CCF /* HowAwayAreYouTests.xctest */ = {isa = PBXFileReference; explicitFileType = wrapper.cfbundle; includeInIndex = 0; path = HowAwayAreYouTests.xctest; sourceTree = BUILT_PRODUCTS_DIR; };
		BF27682D24BB1AC600CC2CCF /* HowAwayAreYouTests.swift */ = {isa = PBXFileReference; lastKnownFileType = sourcecode.swift; path = HowAwayAreYouTests.swift; sourceTree = "<group>"; };
		BF27682F24BB1AC600CC2CCF /* Info.plist */ = {isa = PBXFileReference; lastKnownFileType = text.plist.xml; path = Info.plist; sourceTree = "<group>"; };
		BF27683424BB1AC600CC2CCF /* HowAwayAreYouUITests.xctest */ = {isa = PBXFileReference; explicitFileType = wrapper.cfbundle; includeInIndex = 0; path = HowAwayAreYouUITests.xctest; sourceTree = BUILT_PRODUCTS_DIR; };
		BF27683824BB1AC600CC2CCF /* HowAwayAreYouUITests.swift */ = {isa = PBXFileReference; lastKnownFileType = sourcecode.swift; path = HowAwayAreYouUITests.swift; sourceTree = "<group>"; };
		BF27683A24BB1AC600CC2CCF /* Info.plist */ = {isa = PBXFileReference; lastKnownFileType = text.plist.xml; path = Info.plist; sourceTree = "<group>"; };
/* End PBXFileReference section */

/* Begin PBXFrameworksBuildPhase section */
		BF27681024BB1AC200CC2CCF /* Frameworks */ = {
			isa = PBXFrameworksBuildPhase;
			buildActionMask = 2147483647;
			files = (
			);
			runOnlyForDeploymentPostprocessing = 0;
		};
		BF27682624BB1AC600CC2CCF /* Frameworks */ = {
			isa = PBXFrameworksBuildPhase;
			buildActionMask = 2147483647;
			files = (
			);
			runOnlyForDeploymentPostprocessing = 0;
		};
		BF27683124BB1AC600CC2CCF /* Frameworks */ = {
			isa = PBXFrameworksBuildPhase;
			buildActionMask = 2147483647;
			files = (
			);
			runOnlyForDeploymentPostprocessing = 0;
		};
/* End PBXFrameworksBuildPhase section */

/* Begin PBXGroup section */
		BF27680A24BB1AC200CC2CCF = {
			isa = PBXGroup;
			children = (
				BF27681524BB1AC200CC2CCF /* HowAwayAreYou */,
				BF27682C24BB1AC600CC2CCF /* HowAwayAreYouTests */,
				BF27683724BB1AC600CC2CCF /* HowAwayAreYouUITests */,
				BF27681424BB1AC200CC2CCF /* Products */,
			);
			sourceTree = "<group>";
		};
		BF27681424BB1AC200CC2CCF /* Products */ = {
			isa = PBXGroup;
			children = (
				BF27681324BB1AC200CC2CCF /* HowAwayAreYou.app */,
				BF27682924BB1AC600CC2CCF /* HowAwayAreYouTests.xctest */,
				BF27683424BB1AC600CC2CCF /* HowAwayAreYouUITests.xctest */,
			);
			name = Products;
			sourceTree = "<group>";
		};
		BF27681524BB1AC200CC2CCF /* HowAwayAreYou */ = {
			isa = PBXGroup;
			children = (
				BF27681624BB1AC200CC2CCF /* AppDelegate.swift */,
				BF27681824BB1AC200CC2CCF /* SceneDelegate.swift */,
				BF27681A24BB1AC200CC2CCF /* ContentView.swift */,
				BF27681C24BB1AC600CC2CCF /* Assets.xcassets */,
				BF27682124BB1AC600CC2CCF /* LaunchScreen.storyboard */,
				BF27682424BB1AC600CC2CCF /* Info.plist */,
				BF27681E24BB1AC600CC2CCF /* Preview Content */,
			);
			path = HowAwayAreYou;
			sourceTree = "<group>";
		};
		BF27681E24BB1AC600CC2CCF /* Preview Content */ = {
			isa = PBXGroup;
			children = (
				BF27681F24BB1AC600CC2CCF /* Preview Assets.xcassets */,
			);
			path = "Preview Content";
			sourceTree = "<group>";
		};
		BF27682C24BB1AC600CC2CCF /* HowAwayAreYouTests */ = {
			isa = PBXGroup;
			children = (
				BF27682D24BB1AC600CC2CCF /* HowAwayAreYouTests.swift */,
				BF27682F24BB1AC600CC2CCF /* Info.plist */,
			);
			path = HowAwayAreYouTests;
			sourceTree = "<group>";
		};
		BF27683724BB1AC600CC2CCF /* HowAwayAreYouUITests */ = {
			isa = PBXGroup;
			children = (
				BF27683824BB1AC600CC2CCF /* HowAwayAreYouUITests.swift */,
				BF27683A24BB1AC600CC2CCF /* Info.plist */,
			);
			path = HowAwayAreYouUITests;
			sourceTree = "<group>";
		};
/* End PBXGroup section */

/* Begin PBXNativeTarget section */
		BF27681224BB1AC200CC2CCF /* HowAwayAreYou */ = {
			isa = PBXNativeTarget;
			buildConfigurationList = BF27683D24BB1AC600CC2CCF /* Build configuration list for PBXNativeTarget "HowAwayAreYou" */;
			buildPhases = (
				BF27680F24BB1AC200CC2CCF /* Sources */,
				BF27681024BB1AC200CC2CCF /* Frameworks */,
				BF27681124BB1AC200CC2CCF /* Resources */,
			);
			buildRules = (
			);
			dependencies = (
			);
			name = HowAwayAreYou;
			productName = HowAwayAreYou;
			productReference = BF27681324BB1AC200CC2CCF /* HowAwayAreYou.app */;
			productType = "com.apple.product-type.application";
		};
		BF27682824BB1AC600CC2CCF /* HowAwayAreYouTests */ = {
			isa = PBXNativeTarget;
			buildConfigurationList = BF27684024BB1AC600CC2CCF /* Build configuration list for PBXNativeTarget "HowAwayAreYouTests" */;
			buildPhases = (
				BF27682524BB1AC600CC2CCF /* Sources */,
				BF27682624BB1AC600CC2CCF /* Frameworks */,
				BF27682724BB1AC600CC2CCF /* Resources */,
			);
			buildRules = (
			);
			dependencies = (
				BF27682B24BB1AC600CC2CCF /* PBXTargetDependency */,
			);
			name = HowAwayAreYouTests;
			productName = HowAwayAreYouTests;
			productReference = BF27682924BB1AC600CC2CCF /* HowAwayAreYouTests.xctest */;
			productType = "com.apple.product-type.bundle.unit-test";
		};
		BF27683324BB1AC600CC2CCF /* HowAwayAreYouUITests */ = {
			isa = PBXNativeTarget;
			buildConfigurationList = BF27684324BB1AC600CC2CCF /* Build configuration list for PBXNativeTarget "HowAwayAreYouUITests" */;
			buildPhases = (
				BF27683024BB1AC600CC2CCF /* Sources */,
				BF27683124BB1AC600CC2CCF /* Frameworks */,
				BF27683224BB1AC600CC2CCF /* Resources */,
			);
			buildRules = (
			);
			dependencies = (
				BF27683624BB1AC600CC2CCF /* PBXTargetDependency */,
			);
			name = HowAwayAreYouUITests;
			productName = HowAwayAreYouUITests;
			productReference = BF27683424BB1AC600CC2CCF /* HowAwayAreYouUITests.xctest */;
			productType = "com.apple.product-type.bundle.ui-testing";
		};
/* End PBXNativeTarget section */

/* Begin PBXProject section */
		BF27680B24BB1AC200CC2CCF /* Project object */ = {
			isa = PBXProject;
			attributes = {
				LastSwiftUpdateCheck = 1150;
				LastUpgradeCheck = 1150;
				ORGANIZATIONNAME = Crazism;
				TargetAttributes = {
					BF27681224BB1AC200CC2CCF = {
						CreatedOnToolsVersion = 11.5;
					};
					BF27682824BB1AC600CC2CCF = {
						CreatedOnToolsVersion = 11.5;
						TestTargetID = BF27681224BB1AC200CC2CCF;
					};
					BF27683324BB1AC600CC2CCF = {
						CreatedOnToolsVersion = 11.5;
						TestTargetID = BF27681224BB1AC200CC2CCF;
					};
				};
			};
			buildConfigurationList = BF27680E24BB1AC200CC2CCF /* Build configuration list for PBXProject "HowAwayAreYou" */;
			compatibilityVersion = "Xcode 9.3";
			developmentRegion = en;
			hasScannedForEncodings = 0;
			knownRegions = (
				en,
				Base,
			);
			mainGroup = BF27680A24BB1AC200CC2CCF;
			productRefGroup = BF27681424BB1AC200CC2CCF /* Products */;
			projectDirPath = "";
			projectRoot = "";
			targets = (
				BF27681224BB1AC200CC2CCF /* HowAwayAreYou */,
				BF27682824BB1AC600CC2CCF /* HowAwayAreYouTests */,
				BF27683324BB1AC600CC2CCF /* HowAwayAreYouUITests */,
			);
		};
/* End PBXProject section */

/* Begin PBXResourcesBuildPhase section */
		BF27681124BB1AC200CC2CCF /* Resources */ = {
			isa = PBXResourcesBuildPhase;
			buildActionMask = 2147483647;
			files = (
				BF27682324BB1AC600CC2CCF /* LaunchScreen.storyboard in Resources */,
				BF27682024BB1AC600CC2CCF /* Preview Assets.xcassets in Resources */,
				BF27681D24BB1AC600CC2CCF /* Assets.xcassets in Resources */,
			);
			runOnlyForDeploymentPostprocessing = 0;
		};
		BF27682724BB1AC600CC2CCF /* Resources */ = {
			isa = PBXResourcesBuildPhase;
			buildActionMask = 2147483647;
			files = (
			);
			runOnlyForDeploymentPostprocessing = 0;
		};
		BF27683224BB1AC600CC2CCF /* Resources */ = {
			isa = PBXResourcesBuildPhase;
			buildActionMask = 2147483647;
			files = (
			);
			runOnlyForDeploymentPostprocessing = 0;
		};
/* End PBXResourcesBuildPhase section */

/* Begin PBXSourcesBuildPhase section */
		BF27680F24BB1AC200CC2CCF /* Sources */ = {
			isa = PBXSourcesBuildPhase;
			buildActionMask = 2147483647;
			files = (
				BF27681724BB1AC200CC2CCF /* AppDelegate.swift in Sources */,
				BF27681924BB1AC200CC2CCF /* SceneDelegate.swift in Sources */,
				BF27681B24BB1AC200CC2CCF /* ContentView.swift in Sources */,
			);
			runOnlyForDeploymentPostprocessing = 0;
		};
		BF27682524BB1AC600CC2CCF /* Sources */ = {
			isa = PBXSourcesBuildPhase;
			buildActionMask = 2147483647;
			files = (
				BF27682E24BB1AC600CC2CCF /* HowAwayAreYouTests.swift in Sources */,
			);
			runOnlyForDeploymentPostprocessing = 0;
		};
		BF27683024BB1AC600CC2CCF /* Sources */ = {
			isa = PBXSourcesBuildPhase;
			buildActionMask = 2147483647;
			files = (
				BF27683924BB1AC600CC2CCF /* HowAwayAreYouUITests.swift in Sources */,
			);
			runOnlyForDeploymentPostprocessing = 0;
		};
/* End PBXSourcesBuildPhase section */

/* Begin PBXTargetDependency section */
		BF27682B24BB1AC600CC2CCF /* PBXTargetDependency */ = {
			isa = PBXTargetDependency;
			target = BF27681224BB1AC200CC2CCF /* HowAwayAreYou */;
			targetProxy = BF27682A24BB1AC600CC2CCF /* PBXContainerItemProxy */;
		};
		BF27683624BB1AC600CC2CCF /* PBXTargetDependency */ = {
			isa = PBXTargetDependency;
			target = BF27681224BB1AC200CC2CCF /* HowAwayAreYou */;
			targetProxy = BF27683524BB1AC600CC2CCF /* PBXContainerItemProxy */;
		};
/* End PBXTargetDependency section */

/* Begin PBXVariantGroup section */
		BF27682124BB1AC600CC2CCF /* LaunchScreen.storyboard */ = {
			isa = PBXVariantGroup;
			children = (
				BF27682224BB1AC600CC2CCF /* Base */,
			);
			name = LaunchScreen.storyboard;
			sourceTree = "<group>";
		};
/* End PBXVariantGroup section */

/* Begin XCBuildConfiguration section */
		BF27683B24BB1AC600CC2CCF /* Debug */ = {
			isa = XCBuildConfiguration;
			buildSettings = {
				ALWAYS_SEARCH_USER_PATHS = NO;
				CLANG_ANALYZER_NONNULL = YES;
				CLANG_ANALYZER_NUMBER_OBJECT_CONVERSION = YES_AGGRESSIVE;
				CLANG_CXX_LANGUAGE_STANDARD = "gnu++14";
				CLANG_CXX_LIBRARY = "libc++";
				CLANG_ENABLE_MODULES = YES;
				CLANG_ENABLE_OBJC_ARC = YES;
				CLANG_ENABLE_OBJC_WEAK = YES;
				CLANG_WARN_BLOCK_CAPTURE_AUTORELEASING = YES;
				CLANG_WARN_BOOL_CONVERSION = YES;
				CLANG_WARN_COMMA = YES;
				CLANG_WARN_CONSTANT_CONVERSION = YES;
				CLANG_WARN_DEPRECATED_OBJC_IMPLEMENTATIONS = YES;
				CLANG_WARN_DIRECT_OBJC_ISA_USAGE = YES_ERROR;
				CLANG_WARN_DOCUMENTATION_COMMENTS = YES;
				CLANG_WARN_EMPTY_BODY = YES;
				CLANG_WARN_ENUM_CONVERSION = YES;
				CLANG_WARN_INFINITE_RECURSION = YES;
				CLANG_WARN_INT_CONVERSION = YES;
				CLANG_WARN_NON_LITERAL_NULL_CONVERSION = YES;
				CLANG_WARN_OBJC_IMPLICIT_RETAIN_SELF = YES;
				CLANG_WARN_OBJC_LITERAL_CONVERSION = YES;
				CLANG_WARN_OBJC_ROOT_CLASS = YES_ERROR;
				CLANG_WARN_RANGE_LOOP_ANALYSIS = YES;
				CLANG_WARN_STRICT_PROTOTYPES = YES;
				CLANG_WARN_SUSPICIOUS_MOVE = YES;
				CLANG_WARN_UNGUARDED_AVAILABILITY = YES_AGGRESSIVE;
				CLANG_WARN_UNREACHABLE_CODE = YES;
				CLANG_WARN__DUPLICATE_METHOD_MATCH = YES;
				COPY_PHASE_STRIP = NO;
				DEBUG_INFORMATION_FORMAT = dwarf;
				ENABLE_STRICT_OBJC_MSGSEND = YES;
				ENABLE_TESTABILITY = YES;
				GCC_C_LANGUAGE_STANDARD = gnu11;
				GCC_DYNAMIC_NO_PIC = NO;
				GCC_NO_COMMON_BLOCKS = YES;
				GCC_OPTIMIZATION_LEVEL = 0;
				GCC_PREPROCESSOR_DEFINITIONS = (
					"DEBUG=1",
					"$(inherited)",
				);
				GCC_WARN_64_TO_32_BIT_CONVERSION = YES;
				GCC_WARN_ABOUT_RETURN_TYPE = YES_ERROR;
				GCC_WARN_UNDECLARED_SELECTOR = YES;
				GCC_WARN_UNINITIALIZED_AUTOS = YES_AGGRESSIVE;
				GCC_WARN_UNUSED_FUNCTION = YES;
				GCC_WARN_UNUSED_VARIABLE = YES;
				IPHONEOS_DEPLOYMENT_TARGET = 13.5;
				MTL_ENABLE_DEBUG_INFO = INCLUDE_SOURCE;
				MTL_FAST_MATH = YES;
				ONLY_ACTIVE_ARCH = YES;
				SDKROOT = iphoneos;
				SWIFT_ACTIVE_COMPILATION_CONDITIONS = DEBUG;
				SWIFT_OPTIMIZATION_LEVEL = "-Onone";
			};
			name = Debug;
		};
		BF27683C24BB1AC600CC2CCF /* Release */ = {
			isa = XCBuildConfiguration;
			buildSettings = {
				ALWAYS_SEARCH_USER_PATHS = NO;
				CLANG_ANALYZER_NONNULL = YES;
				CLANG_ANALYZER_NUMBER_OBJECT_CONVERSION = YES_AGGRESSIVE;
				CLANG_CXX_LANGUAGE_STANDARD = "gnu++14";
				CLANG_CXX_LIBRARY = "libc++";
				CLANG_ENABLE_MODULES = YES;
				CLANG_ENABLE_OBJC_ARC = YES;
				CLANG_ENABLE_OBJC_WEAK = YES;
				CLANG_WARN_BLOCK_CAPTURE_AUTORELEASING = YES;
				CLANG_WARN_BOOL_CONVERSION = YES;
				CLANG_WARN_COMMA = YES;
				CLANG_WARN_CONSTANT_CONVERSION = YES;
				CLANG_WARN_DEPRECATED_OBJC_IMPLEMENTATIONS = YES;
				CLANG_WARN_DIRECT_OBJC_ISA_USAGE = YES_ERROR;
				CLANG_WARN_DOCUMENTATION_COMMENTS = YES;
				CLANG_WARN_EMPTY_BODY = YES;
				CLANG_WARN_ENUM_CONVERSION = YES;
				CLANG_WARN_INFINITE_RECURSION = YES;
				CLANG_WARN_INT_CONVERSION = YES;
				CLANG_WARN_NON_LITERAL_NULL_CONVERSION = YES;
				CLANG_WARN_OBJC_IMPLICIT_RETAIN_SELF = YES;
				CLANG_WARN_OBJC_LITERAL_CONVERSION = YES;
				CLANG_WARN_OBJC_ROOT_CLASS = YES_ERROR;
				CLANG_WARN_RANGE_LOOP_ANALYSIS = YES;
				CLANG_WARN_STRICT_PROTOTYPES = YES;
				CLANG_WARN_SUSPICIOUS_MOVE = YES;
				CLANG_WARN_UNGUARDED_AVAILABILITY = YES_AGGRESSIVE;
				CLANG_WARN_UNREACHABLE_CODE = YES;
				CLANG_WARN__DUPLICATE_METHOD_MATCH = YES;
				COPY_PHASE_STRIP = NO;
				DEBUG_INFORMATION_FORMAT = "dwarf-with-dsym";
				ENABLE_NS_ASSERTIONS = NO;
				ENABLE_STRICT_OBJC_MSGSEND = YES;
				GCC_C_LANGUAGE_STANDARD = gnu11;
				GCC_NO_COMMON_BLOCKS = YES;
				GCC_WARN_64_TO_32_BIT_CONVERSION = YES;
				GCC_WARN_ABOUT_RETURN_TYPE = YES_ERROR;
				GCC_WARN_UNDECLARED_SELECTOR = YES;
				GCC_WARN_UNINITIALIZED_AUTOS = YES_AGGRESSIVE;
				GCC_WARN_UNUSED_FUNCTION = YES;
				GCC_WARN_UNUSED_VARIABLE = YES;
				IPHONEOS_DEPLOYMENT_TARGET = 13.5;
				MTL_ENABLE_DEBUG_INFO = NO;
				MTL_FAST_MATH = YES;
				SDKROOT = iphoneos;
				SWIFT_COMPILATION_MODE = wholemodule;
				SWIFT_OPTIMIZATION_LEVEL = "-O";
				VALIDATE_PRODUCT = YES;
			};
			name = Release;
		};
		BF27683E24BB1AC600CC2CCF /* Debug */ = {
			isa = XCBuildConfiguration;
			buildSettings = {
				ASSETCATALOG_COMPILER_APPICON_NAME = AppIcon;
				CODE_SIGN_STYLE = Automatic;
				DEVELOPMENT_ASSET_PATHS = "\"HowAwayAreYou/Preview Content\"";
				DEVELOPMENT_TEAM = KC8N9BMQJY;
				ENABLE_PREVIEWS = YES;
				INFOPLIST_FILE = HowAwayAreYou/Info.plist;
				LD_RUNPATH_SEARCH_PATHS = (
					"$(inherited)",
					"@executable_path/Frameworks",
				);
				PRODUCT_BUNDLE_IDENTIFIER = net.crazism.HowAwayAreYou;
				PRODUCT_NAME = "$(TARGET_NAME)";
				SWIFT_VERSION = 5.0;
				TARGETED_DEVICE_FAMILY = "1,2";
			};
			name = Debug;
		};
		BF27683F24BB1AC600CC2CCF /* Release */ = {
			isa = XCBuildConfiguration;
			buildSettings = {
				ASSETCATALOG_COMPILER_APPICON_NAME = AppIcon;
				CODE_SIGN_STYLE = Automatic;
				DEVELOPMENT_ASSET_PATHS = "\"HowAwayAreYou/Preview Content\"";
				DEVELOPMENT_TEAM = KC8N9BMQJY;
				ENABLE_PREVIEWS = YES;
				INFOPLIST_FILE = HowAwayAreYou/Info.plist;
				LD_RUNPATH_SEARCH_PATHS = (
					"$(inherited)",
					"@executable_path/Frameworks",
				);
				PRODUCT_BUNDLE_IDENTIFIER = net.crazism.HowAwayAreYou;
				PRODUCT_NAME = "$(TARGET_NAME)";
				SWIFT_VERSION = 5.0;
				TARGETED_DEVICE_FAMILY = "1,2";
			};
			name = Release;
		};
		BF27684124BB1AC600CC2CCF /* Debug */ = {
			isa = XCBuildConfiguration;
			buildSettings = {
				ALWAYS_EMBED_SWIFT_STANDARD_LIBRARIES = YES;
				BUNDLE_LOADER = "$(TEST_HOST)";
				CODE_SIGN_STYLE = Automatic;
				DEVELOPMENT_TEAM = KC8N9BMQJY;
				INFOPLIST_FILE = HowAwayAreYouTests/Info.plist;
				IPHONEOS_DEPLOYMENT_TARGET = 13.5;
				LD_RUNPATH_SEARCH_PATHS = (
					"$(inherited)",
					"@executable_path/Frameworks",
					"@loader_path/Frameworks",
				);
				PRODUCT_BUNDLE_IDENTIFIER = net.crazism.HowAwayAreYouTests;
				PRODUCT_NAME = "$(TARGET_NAME)";
				SWIFT_VERSION = 5.0;
				TARGETED_DEVICE_FAMILY = "1,2";
				TEST_HOST = "$(BUILT_PRODUCTS_DIR)/HowAwayAreYou.app/HowAwayAreYou";
			};
			name = Debug;
		};
		BF27684224BB1AC600CC2CCF /* Release */ = {
			isa = XCBuildConfiguration;
			buildSettings = {
				ALWAYS_EMBED_SWIFT_STANDARD_LIBRARIES = YES;
				BUNDLE_LOADER = "$(TEST_HOST)";
				CODE_SIGN_STYLE = Automatic;
				DEVELOPMENT_TEAM = KC8N9BMQJY;
				INFOPLIST_FILE = HowAwayAreYouTests/Info.plist;
				IPHONEOS_DEPLOYMENT_TARGET = 13.5;
				LD_RUNPATH_SEARCH_PATHS = (
					"$(inherited)",
					"@executable_path/Frameworks",
					"@loader_path/Frameworks",
				);
				PRODUCT_BUNDLE_IDENTIFIER = net.crazism.HowAwayAreYouTests;
				PRODUCT_NAME = "$(TARGET_NAME)";
				SWIFT_VERSION = 5.0;
				TARGETED_DEVICE_FAMILY = "1,2";
				TEST_HOST = "$(BUILT_PRODUCTS_DIR)/HowAwayAreYou.app/HowAwayAreYou";
			};
			name = Release;
		};
		BF27684424BB1AC600CC2CCF /* Debug */ = {
			isa = XCBuildConfiguration;
			buildSettings = {
				ALWAYS_EMBED_SWIFT_STANDARD_LIBRARIES = YES;
				CODE_SIGN_STYLE = Automatic;
				DEVELOPMENT_TEAM = KC8N9BMQJY;
				INFOPLIST_FILE = HowAwayAreYouUITests/Info.plist;
				LD_RUNPATH_SEARCH_PATHS = (
					"$(inherited)",
					"@executable_path/Frameworks",
					"@loader_path/Frameworks",
				);
				PRODUCT_BUNDLE_IDENTIFIER = net.crazism.HowAwayAreYouUITests;
				PRODUCT_NAME = "$(TARGET_NAME)";
				SWIFT_VERSION = 5.0;
				TARGETED_DEVICE_FAMILY = "1,2";
				TEST_TARGET_NAME = HowAwayAreYou;
			};
			name = Debug;
		};
		BF27684524BB1AC600CC2CCF /* Release */ = {
			isa = XCBuildConfiguration;
			buildSettings = {
				ALWAYS_EMBED_SWIFT_STANDARD_LIBRARIES = YES;
				CODE_SIGN_STYLE = Automatic;
				DEVELOPMENT_TEAM = KC8N9BMQJY;
				INFOPLIST_FILE = HowAwayAreYouUITests/Info.plist;
				LD_RUNPATH_SEARCH_PATHS = (
					"$(inherited)",
					"@executable_path/Frameworks",
					"@loader_path/Frameworks",
				);
				PRODUCT_BUNDLE_IDENTIFIER = net.crazism.HowAwayAreYouUITests;
				PRODUCT_NAME = "$(TARGET_NAME)";
				SWIFT_VERSION = 5.0;
				TARGETED_DEVICE_FAMILY = "1,2";
				TEST_TARGET_NAME = HowAwayAreYou;
			};
			name = Release;
		};
/* End XCBuildConfiguration section */

/* Begin XCConfigurationList section */
		BF27680E24BB1AC200CC2CCF /* Build configuration list for PBXProject "HowAwayAreYou" */ = {
			isa = XCConfigurationList;
			buildConfigurations = (
				BF27683B24BB1AC600CC2CCF /* Debug */,
				BF27683C24BB1AC600CC2CCF /* Release */,
			);
			defaultConfigurationIsVisible = 0;
			defaultConfigurationName = Release;
		};
		BF27683D24BB1AC600CC2CCF /* Build configuration list for PBXNativeTarget "HowAwayAreYou" */ = {
			isa = XCConfigurationList;
			buildConfigurations = (
				BF27683E24BB1AC600CC2CCF /* Debug */,
				BF27683F24BB1AC600CC2CCF /* Release */,
			);
			defaultConfigurationIsVisible = 0;
			defaultConfigurationName = Release;
		};
		BF27684024BB1AC600CC2CCF /* Build configuration list for PBXNativeTarget "HowAwayAreYouTests" */ = {
			isa = XCConfigurationList;
			buildConfigurations = (
				BF27684124BB1AC600CC2CCF /* Debug */,
				BF27684224BB1AC600CC2CCF /* Release */,
			);
			defaultConfigurationIsVisible = 0;
			defaultConfigurationName = Release;
		};
		BF27684324BB1AC600CC2CCF /* Build configuration list for PBXNativeTarget "HowAwayAreYouUITests" */ = {
			isa = XCConfigurationList;
			buildConfigurations = (
				BF27684424BB1AC600CC2CCF /* Debug */,
				BF27684524BB1AC600CC2CCF /* Release */,
			);
			defaultConfigurationIsVisible = 0;
			defaultConfigurationName = Release;
		};
/* End XCConfigurationList section */
	};
	rootObject = BF27680B24BB1AC200CC2CCF /* Project object */;
}
